<Solution>
  <Folder Name="/apps/">
    <Project Path="apps/api-demo.Test/ApiDemo.Test.csproj" />
    <Project Path="apps/api-demo/ApiDemo.csproj" />
    <Project Path="apps/dotnet-fe-auth/dotnet-fe-auth.csproj" />
    <Project Path="apps/fastendpoints-react-api/fastendpoints-react-api.csproj" />
    <Project Path="apps/fakelogger-demo.Test/fakelogger-demo.Test.csproj" />
    <Project Path="apps/fakelogger-demo/fakelogger-demo.csproj" />
    <Project Path="apps/ms-graph-demo.Test/MsGraphDemo.Test.csproj" />
    <Project Path="apps/ms-graph-demo/MsGraphDemo.csproj" />
  </Folder>
  <Folder Name="/apps/a2a-docker-demo/">
    <Project Path="apps/a2a-docker-demo/api-backend/api-backend.csproj" />
    <Project Path="apps/a2a-docker-demo/assessor/assessor.csproj" />
    <Project Path="apps/a2a-docker-demo/classifier/classifier.csproj" />
    <Project Path="apps/a2a-docker-demo/discovery/discovery.csproj" />
    <Project Path="apps/a2a-docker-demo/handler/handler.csproj" />
    <Project Path="apps/a2a-docker-demo/identity/identity.csproj" />
    <Project Path="apps/a2a-docker-demo/router/router.csproj" />
  </Folder>
</Solution>
